
Microsoft Visual Studio Solution File, Format Version 12.00
# Visual Studio 15
VisualStudioVersion = 15.0.28307.2092
MinimumVisualStudioVersion = 10.0.40219.1
Project("{9A19103F-16F7-4668-BE54-9A1E7A4F7556}") = "FindLenghth", "FindLenghth\FindLenghth.csproj", "{B8859F47-D09F-49E5-877D-3971794E6CFB}"
EndProject
Project("{FAE04EC0-301F-11D3-BF4B-00C04F79EFBC}") = "FindLengthTest", "FindLengthTest\FindLengthTest.csproj", "{AD26FB2C-03A4-4FA1-91DD-36D991BED0AB}"
EndProject
Global
	GlobalSection(SolutionConfigurationPlatforms) = preSolution
		Debug|Any CPU = Debug|Any CPU
		Release|Any CPU = Release|Any CPU
	EndGlobalSection
	GlobalSection(ProjectConfigurationPlatforms) = postSolution
		{B8859F47-D09F-49E5-877D-3971794E6CFB}.Debug|Any CPU.ActiveCfg = Debug|Any CPU
		{B8859F47-D09F-49E5-877D-3971794E6CFB}.Debug|Any CPU.Build.0 = Debug|Any CPU
		{B8859F47-D09F-49E5-877D-3971794E6CFB}.Release|Any CPU.ActiveCfg = Release|Any CPU
		{B8859F47-D09F-49E5-877D-3971794E6CFB}.Release|Any CPU.Build.0 = Release|Any CPU
		{AD26FB2C-03A4-4FA1-91DD-36D991BED0AB}.Debug|Any CPU.ActiveCfg = Debug|Any CPU
		{AD26FB2C-03A4-4FA1-91DD-36D991BED0AB}.Debug|Any CPU.Build.0 = Debug|Any CPU
		{AD26FB2C-03A4-4FA1-91DD-36D991BED0AB}.Release|Any CPU.ActiveCfg = Release|Any CPU
		{AD26FB2C-03A4-4FA1-91DD-36D991BED0AB}.Release|Any CPU.Build.0 = Release|Any CPU
	EndGlobalSection
	GlobalSection(SolutionProperties) = preSolution
		HideSolutionNode = FALSE
	EndGlobalSection
	GlobalSection(ExtensibilityGlobals) = postSolution
		SolutionGuid = {C772E8A5-9CFB-4D1F-922C-0C343D707C44}
	EndGlobalSection
EndGlobal
